{
  "pins" : [
    {
      "identity" : "swift-snapshot-testing",
      "kind" : "remoteSourceControl",
      "location" : "https://github.com/christianflanders/swift-snapshot-testing",
      "state" : {
        "branch" : "main",
        "revision" : "3a22cf3eeba41c11af6162c992fae6f29a06a561"
      }
    },
    {
      "identity" : "swift-syntax-xcframeworks",
      "kind" : "remoteSourceControl",
      "location" : "https://github.com/sjavora/swift-syntax-xcframeworks.git",
      "state" : {
        "revision" : "7501c18dfe20e637818d838df961072176d6296e",
        "version" : "510.0.1"
      }
    }
  ],
  "version" : 2
}
